
Microsoft Visual Studio Solution File, Format Version 12.00
# Visual Studio for Mac
Project("{FAE04EC0-301F-11D3-BF4B-00C04F79EFBC}") = "Assembly-CSharp", "Assembly-CSharp.csproj", "{FFCF7EA6-60CD-1782-353E-C855A362BD15}"
EndProject
Project("{FAE04EC0-301F-11D3-BF4B-00C04F79EFBC}") = "Oculus.VR", "Oculus.VR.csproj", "{5C0427A1-00B5-3892-3756-BFDA480AD074}"
EndProject
Project("{FAE04EC0-301F-11D3-BF4B-00C04F79EFBC}") = "Assembly-CSharp-firstpass", "Assembly-CSharp-firstpass.csproj", "{F2740172-2FE6-0A53-5924-EC874E15B869}"
EndProject
Project("{FAE04EC0-301F-11D3-BF4B-00C04F79EFBC}") = "Assembly-CSharp-Editor-firstpass", "Assembly-CSharp-Editor-firstpass.csproj", "{304824E5-FA21-90FB-96E5-94A57B033057}"
EndProject
Project("{FAE04EC0-301F-11D3-BF4B-00C04F79EFBC}") = "Assembly-CSharp-Editor", "Assembly-CSharp-Editor.csproj", "{8A68E3F1-2BB3-8471-8331-AFAAD2C56F4B}"
EndProject
Project("{FAE04EC0-301F-11D3-BF4B-00C04F79EFBC}") = "Oculus.VR.Scripts.Editor", "Oculus.VR.Scripts.Editor.csproj", "{1974A78A-8E5E-D4CC-2E56-C97DF8154552}"
EndProject
Project("{FAE04EC0-301F-11D3-BF4B-00C04F79EFBC}") = "Oculus.VR.Editor", "Oculus.VR.Editor.csproj", "{4CA1D7CC-F291-D33A-BB2F-4E51DFAFE2F0}"
EndProject
Global
	GlobalSection(SolutionConfigurationPlatforms) = preSolution
		Debug|Any CPU = Debug|Any CPU
		Release|Any CPU = Release|Any CPU
	EndGlobalSection
	GlobalSection(ProjectConfigurationPlatforms) = postSolution
		{FFCF7EA6-60CD-1782-353E-C855A362BD15}.Debug|Any CPU.ActiveCfg = Debug|Any CPU
		{FFCF7EA6-60CD-1782-353E-C855A362BD15}.Debug|Any CPU.Build.0 = Debug|Any CPU
		{FFCF7EA6-60CD-1782-353E-C855A362BD15}.Release|Any CPU.ActiveCfg = Release|Any CPU
		{FFCF7EA6-60CD-1782-353E-C855A362BD15}.Release|Any CPU.Build.0 = Release|Any CPU
		{5C0427A1-00B5-3892-3756-BFDA480AD074}.Debug|Any CPU.ActiveCfg = Debug|Any CPU
		{5C0427A1-00B5-3892-3756-BFDA480AD074}.Debug|Any CPU.Build.0 = Debug|Any CPU
		{5C0427A1-00B5-3892-3756-BFDA480AD074}.Release|Any CPU.ActiveCfg = Release|Any CPU
		{5C0427A1-00B5-3892-3756-BFDA480AD074}.Release|Any CPU.Build.0 = Release|Any CPU
		{F2740172-2FE6-0A53-5924-EC874E15B869}.Debug|Any CPU.ActiveCfg = Debug|Any CPU
		{F2740172-2FE6-0A53-5924-EC874E15B869}.Debug|Any CPU.Build.0 = Debug|Any CPU
		{F2740172-2FE6-0A53-5924-EC874E15B869}.Release|Any CPU.ActiveCfg = Release|Any CPU
		{F2740172-2FE6-0A53-5924-EC874E15B869}.Release|Any CPU.Build.0 = Release|Any CPU
		{304824E5-FA21-90FB-96E5-94A57B033057}.Debug|Any CPU.ActiveCfg = Debug|Any CPU
		{304824E5-FA21-90FB-96E5-94A57B033057}.Debug|Any CPU.Build.0 = Debug|Any CPU
		{304824E5-FA21-90FB-96E5-94A57B033057}.Release|Any CPU.ActiveCfg = Release|Any CPU
		{304824E5-FA21-90FB-96E5-94A57B033057}.Release|Any CPU.Build.0 = Release|Any CPU
		{8A68E3F1-2BB3-8471-8331-AFAAD2C56F4B}.Debug|Any CPU.ActiveCfg = Debug|Any CPU
		{8A68E3F1-2BB3-8471-8331-AFAAD2C56F4B}.Debug|Any CPU.Build.0 = Debug|Any CPU
		{8A68E3F1-2BB3-8471-8331-AFAAD2C56F4B}.Release|Any CPU.ActiveCfg = Release|Any CPU
		{8A68E3F1-2BB3-8471-8331-AFAAD2C56F4B}.Release|Any CPU.Build.0 = Release|Any CPU
		{1974A78A-8E5E-D4CC-2E56-C97DF8154552}.Debug|Any CPU.ActiveCfg = Debug|Any CPU
		{1974A78A-8E5E-D4CC-2E56-C97DF8154552}.Debug|Any CPU.Build.0 = Debug|Any CPU
		{1974A78A-8E5E-D4CC-2E56-C97DF8154552}.Release|Any CPU.ActiveCfg = Release|Any CPU
		{1974A78A-8E5E-D4CC-2E56-C97DF8154552}.Release|Any CPU.Build.0 = Release|Any CPU
		{4CA1D7CC-F291-D33A-BB2F-4E51DFAFE2F0}.Debug|Any CPU.ActiveCfg = Debug|Any CPU
		{4CA1D7CC-F291-D33A-BB2F-4E51DFAFE2F0}.Debug|Any CPU.Build.0 = Debug|Any CPU
		{4CA1D7CC-F291-D33A-BB2F-4E51DFAFE2F0}.Release|Any CPU.ActiveCfg = Release|Any CPU
		{4CA1D7CC-F291-D33A-BB2F-4E51DFAFE2F0}.Release|Any CPU.Build.0 = Release|Any CPU
	EndGlobalSection
	GlobalSection(SolutionProperties) = preSolution
		HideSolutionNode = FALSE
	EndGlobalSection
EndGlobal
